
Microsoft Visual Studio Solution File, Format Version 12.00
# Visual Studio Version 17
VisualStudioVersion = 17.11.35312.102
MinimumVisualStudioVersion = 10.0.40219.1
Project("{9A19103F-16F7-4668-BE54-9A1E7A4F7556}") = "FormulaEvaluator", "FormulaEvaluator\FormulaEvaluator.csproj", "{64824134-5020-4840-A771-828B8114A213}"
EndProject
Project("{9A19103F-16F7-4668-BE54-9A1E7A4F7556}") = "Test_The_Evaluator_Console_App", "Test_The_Evaluator_Console_App\Test_The_Evaluator_Console_App.csproj", "{19DC7120-B91F-4C40-A727-AE57FF280413}"
EndProject
Project("{2150E333-8FDC-42A3-9474-1A3956D46DE8}") = "Solution Items", "Solution Items", "{B6B7177B-CDBF-46F1-8C70-8270E36F2273}"
	ProjectSection(SolutionItems) = preProject
		README.md = README.md
	EndProjectSection
EndProject
Project("{9A19103F-16F7-4668-BE54-9A1E7A4F7556}") = "DependencyGraph", "DependencyGraph\DependencyGraph.csproj", "{627AF6D0-92A9-48D7-B991-4275A84606CC}"
EndProject
Project("{9A19103F-16F7-4668-BE54-9A1E7A4F7556}") = "DependencyGraphTests", "DependencyGraphTests\DependencyGraphTests.csproj", "{C6637063-6FD9-4CF8-854C-1ACF8B4DD761}"
EndProject
Project("{9A19103F-16F7-4668-BE54-9A1E7A4F7556}") = "Formula", "Formula\Formula.csproj", "{4B11381A-A7B3-494E-B34A-2181444C9488}"
EndProject
Project("{9A19103F-16F7-4668-BE54-9A1E7A4F7556}") = "FormulaTests", "FormulaTests\FormulaTests.csproj", "{7BCD3EF1-E8BC-4817-B43B-8FE689754733}"
EndProject
Project("{FAE04EC0-301F-11D3-BF4B-00C04F79EFBC}") = "Spreadsheet", "Spreadsheet\Spreadsheet.csproj", "{81932B61-7478-4C26-A03F-0171B56DB189}"
EndProject
Project("{FAE04EC0-301F-11D3-BF4B-00C04F79EFBC}") = "SpreadsheetTests", "SpreadsheetTests\SpreadsheetTests.csproj", "{04DEEC49-3908-4DCD-91EE-85DA552B29F0}"
EndProject
Project("{2150E333-8FDC-42A3-9474-1A3956D46DE8}") = "Whiteboard", "Whiteboard", "{29E0D626-6174-4C71-90EA-FDB6390256BB}"
	ProjectSection(SolutionItems) = preProject
		Z:\Desktop\Architecture.jpg = Z:\Desktop\Architecture.jpg
		Z:\Desktop\DependencyGraph.jpg = Z:\Desktop\DependencyGraph.jpg
		\\Mac\Home\Desktop\Formula.jpg = \\Mac\Home\Desktop\Formula.jpg
		Z:\Desktop\Spreadsheet.jpg = Z:\Desktop\Spreadsheet.jpg
	EndProjectSection
EndProject
Project("{FAE04EC0-301F-11D3-BF4B-00C04F79EFBC}") = "GUI", "GUI\GUI.csproj", "{AD529939-E61C-4ABA-9740-A8AC86C7607F}"
EndProject
Project("{FAE04EC0-301F-11D3-BF4B-00C04F79EFBC}") = "SpreadsheetPanel", "SpreadsheetPanel\SpreadsheetPanel.csproj", "{5173B06A-955E-4639-A11A-F374CD991167}"
EndProject
Global
	GlobalSection(SolutionConfigurationPlatforms) = preSolution
		Debug|Any CPU = Debug|Any CPU
		Release|Any CPU = Release|Any CPU
	EndGlobalSection
	GlobalSection(ProjectConfigurationPlatforms) = postSolution
		{64824134-5020-4840-A771-828B8114A213}.Debug|Any CPU.ActiveCfg = Debug|Any CPU
		{64824134-5020-4840-A771-828B8114A213}.Debug|Any CPU.Build.0 = Debug|Any CPU
		{64824134-5020-4840-A771-828B8114A213}.Release|Any CPU.ActiveCfg = Release|Any CPU
		{64824134-5020-4840-A771-828B8114A213}.Release|Any CPU.Build.0 = Release|Any CPU
		{19DC7120-B91F-4C40-A727-AE57FF280413}.Debug|Any CPU.ActiveCfg = Debug|Any CPU
		{19DC7120-B91F-4C40-A727-AE57FF280413}.Debug|Any CPU.Build.0 = Debug|Any CPU
		{19DC7120-B91F-4C40-A727-AE57FF280413}.Release|Any CPU.ActiveCfg = Release|Any CPU
		{19DC7120-B91F-4C40-A727-AE57FF280413}.Release|Any CPU.Build.0 = Release|Any CPU
		{627AF6D0-92A9-48D7-B991-4275A84606CC}.Debug|Any CPU.ActiveCfg = Debug|Any CPU
		{627AF6D0-92A9-48D7-B991-4275A84606CC}.Debug|Any CPU.Build.0 = Debug|Any CPU
		{627AF6D0-92A9-48D7-B991-4275A84606CC}.Release|Any CPU.ActiveCfg = Release|Any CPU
		{627AF6D0-92A9-48D7-B991-4275A84606CC}.Release|Any CPU.Build.0 = Release|Any CPU
		{C6637063-6FD9-4CF8-854C-1ACF8B4DD761}.Debug|Any CPU.ActiveCfg = Debug|Any CPU
		{C6637063-6FD9-4CF8-854C-1ACF8B4DD761}.Debug|Any CPU.Build.0 = Debug|Any CPU
		{C6637063-6FD9-4CF8-854C-1ACF8B4DD761}.Release|Any CPU.ActiveCfg = Release|Any CPU
		{C6637063-6FD9-4CF8-854C-1ACF8B4DD761}.Release|Any CPU.Build.0 = Release|Any CPU
		{4B11381A-A7B3-494E-B34A-2181444C9488}.Debug|Any CPU.ActiveCfg = Debug|Any CPU
		{4B11381A-A7B3-494E-B34A-2181444C9488}.Debug|Any CPU.Build.0 = Debug|Any CPU
		{4B11381A-A7B3-494E-B34A-2181444C9488}.Release|Any CPU.ActiveCfg = Release|Any CPU
		{4B11381A-A7B3-494E-B34A-2181444C9488}.Release|Any CPU.Build.0 = Release|Any CPU
		{7BCD3EF1-E8BC-4817-B43B-8FE689754733}.Debug|Any CPU.ActiveCfg = Debug|Any CPU
		{7BCD3EF1-E8BC-4817-B43B-8FE689754733}.Debug|Any CPU.Build.0 = Debug|Any CPU
		{7BCD3EF1-E8BC-4817-B43B-8FE689754733}.Release|Any CPU.ActiveCfg = Release|Any CPU
		{7BCD3EF1-E8BC-4817-B43B-8FE689754733}.Release|Any CPU.Build.0 = Release|Any CPU
		{81932B61-7478-4C26-A03F-0171B56DB189}.Debug|Any CPU.ActiveCfg = Debug|Any CPU
		{81932B61-7478-4C26-A03F-0171B56DB189}.Debug|Any CPU.Build.0 = Debug|Any CPU
		{81932B61-7478-4C26-A03F-0171B56DB189}.Release|Any CPU.ActiveCfg = Release|Any CPU
		{81932B61-7478-4C26-A03F-0171B56DB189}.Release|Any CPU.Build.0 = Release|Any CPU
		{04DEEC49-3908-4DCD-91EE-85DA552B29F0}.Debug|Any CPU.ActiveCfg = Debug|Any CPU
		{04DEEC49-3908-4DCD-91EE-85DA552B29F0}.Debug|Any CPU.Build.0 = Debug|Any CPU
		{04DEEC49-3908-4DCD-91EE-85DA552B29F0}.Release|Any CPU.ActiveCfg = Release|Any CPU
		{04DEEC49-3908-4DCD-91EE-85DA552B29F0}.Release|Any CPU.Build.0 = Release|Any CPU
		{AD529939-E61C-4ABA-9740-A8AC86C7607F}.Debug|Any CPU.ActiveCfg = Debug|Any CPU
		{AD529939-E61C-4ABA-9740-A8AC86C7607F}.Debug|Any CPU.Build.0 = Debug|Any CPU
		{AD529939-E61C-4ABA-9740-A8AC86C7607F}.Release|Any CPU.ActiveCfg = Release|Any CPU
		{AD529939-E61C-4ABA-9740-A8AC86C7607F}.Release|Any CPU.Build.0 = Release|Any CPU
		{5173B06A-955E-4639-A11A-F374CD991167}.Debug|Any CPU.ActiveCfg = Debug|Any CPU
		{5173B06A-955E-4639-A11A-F374CD991167}.Debug|Any CPU.Build.0 = Debug|Any CPU
		{5173B06A-955E-4639-A11A-F374CD991167}.Release|Any CPU.ActiveCfg = Release|Any CPU
		{5173B06A-955E-4639-A11A-F374CD991167}.Release|Any CPU.Build.0 = Release|Any CPU
	EndGlobalSection
	GlobalSection(SolutionProperties) = preSolution
		HideSolutionNode = FALSE
	EndGlobalSection
	GlobalSection(NestedProjects) = preSolution
		{29E0D626-6174-4C71-90EA-FDB6390256BB} = {B6B7177B-CDBF-46F1-8C70-8270E36F2273}
	EndGlobalSection
	GlobalSection(ExtensibilityGlobals) = postSolution
		SolutionGuid = {AA25AB44-0FB4-4E5C-9579-4B1259FE743E}
	EndGlobalSection
EndGlobal
